
Microsoft Visual Studio Solution File, Format Version 12.00
# Visual Studio Version 16
VisualStudioVersion = 16.0.31019.35
MinimumVisualStudioVersion = 10.0.40219.1
Project("{F184B08F-C81C-45F6-A57F-5ABD9991F28F}") = "NetFrameworkPortableLibrary", "NetFrameworkPortableLibrary\NetFrameworkPortableLibrary.vbproj", "{6776AE3D-50BA-4AAD-8446-D4E6BA65808F}"
EndProject
Project("{9A19103F-16F7-4668-BE54-9A1E7A4F7556}") = "Tests", "Tests\Tests.csproj", "{0B72B55C-AC7C-43C6-A2B5-996D594C62A8}"
EndProject
Project("{FAE04EC0-301F-11D3-BF4B-00C04F79EFBC}") = "NetFrameworkCsPortableLibrary", "NetFrameworkCsPortableLibrary\NetFrameworkCsPortableLibrary.csproj", "{15C2AE95-265F-45DE-871B-16AFDAC18E5C}"
EndProject
Global
	GlobalSection(SolutionConfigurationPlatforms) = preSolution
		Debug|Any CPU = Debug|Any CPU
		Release|Any CPU = Release|Any CPU
	EndGlobalSection
	GlobalSection(ProjectConfigurationPlatforms) = postSolution
		{6776AE3D-50BA-4AAD-8446-D4E6BA65808F}.Debug|Any CPU.ActiveCfg = Debug|Any CPU
		{6776AE3D-50BA-4AAD-8446-D4E6BA65808F}.Debug|Any CPU.Build.0 = Debug|Any CPU
		{6776AE3D-50BA-4AAD-8446-D4E6BA65808F}.Release|Any CPU.ActiveCfg = Release|Any CPU
		{6776AE3D-50BA-4AAD-8446-D4E6BA65808F}.Release|Any CPU.Build.0 = Release|Any CPU
		{0B72B55C-AC7C-43C6-A2B5-996D594C62A8}.Debug|Any CPU.ActiveCfg = Debug|Any CPU
		{0B72B55C-AC7C-43C6-A2B5-996D594C62A8}.Debug|Any CPU.Build.0 = Debug|Any CPU
		{0B72B55C-AC7C-43C6-A2B5-996D594C62A8}.Release|Any CPU.ActiveCfg = Release|Any CPU
		{0B72B55C-AC7C-43C6-A2B5-996D594C62A8}.Release|Any CPU.Build.0 = Release|Any CPU
		{15C2AE95-265F-45DE-871B-16AFDAC18E5C}.Debug|Any CPU.ActiveCfg = Debug|Any CPU
		{15C2AE95-265F-45DE-871B-16AFDAC18E5C}.Debug|Any CPU.Build.0 = Debug|Any CPU
		{15C2AE95-265F-45DE-871B-16AFDAC18E5C}.Release|Any CPU.ActiveCfg = Release|Any CPU
		{15C2AE95-265F-45DE-871B-16AFDAC18E5C}.Release|Any CPU.Build.0 = Release|Any CPU
	EndGlobalSection
	GlobalSection(SolutionProperties) = preSolution
		HideSolutionNode = FALSE
	EndGlobalSection
	GlobalSection(ExtensibilityGlobals) = postSolution
		SolutionGuid = {B53F939C-9063-4D5E-9C4F-6268EFA17944}
	EndGlobalSection
EndGlobal
